lockfileVersion: '9.0'

settings:
  autoInstallPeers: true
  excludeLinksFromLockfile: false

importers:

  .:
    dependencies:
      '@atproto/lexicon':
        specifier: ^0.5.1
        version: 0.5.1
      '@atproto/oauth-client-browser':
        specifier: ^0.3.32
        version: 0.3.32
      '@atproto/xrpc':
        specifier: ^0.7.5
        version: 0.7.5
      multiformats:
        specifier: ^13.4.1
        version: 13.4.1
      react:
        specifier: ^19.1.1
        version: 19.1.1
      react-dom:
        specifier: ^19.1.1
        version: 19.1.1(react@19.1.1)
    devDependencies:
      '@atproto/lex-cli':
        specifier: ^0.9.5
        version: 0.9.5
      '@types/react':
        specifier: ^19.1.13
        version: 19.1.13
      '@types/react-dom':
        specifier: ^19.1.9
        version: 19.1.9(@types/react@19.1.13)
      '@vitejs/plugin-react-swc':
        specifier: ^4.0.1
        version: 4.1.0(vite@7.1.6)
      typescript:
        specifier: ~5.8.3
        version: 5.8.3
      vite:
        specifier: ^7.1.6
        version: 7.1.6

packages:

  '@atproto-labs/did-resolver@0.2.1':
    resolution: {integrity: sha512-zSoHyqwwRYUtMNLW+RrWsImt1U5S47nJv5FfmAXTmon6wVKjxKD/PFrD1pg/4G6THqJmQHTs1Hj+54XVupYnvQ==}

  '@atproto-labs/fetch@0.2.3':
    resolution: {integrity: sha512-NZtbJOCbxKUFRFKMpamT38PUQMY0hX0p7TG5AEYOPhZKZEP7dHZ1K2s1aB8MdVH0qxmqX7nQleNrrvLf09Zfdw==}

  '@atproto-labs/handle-resolver@0.3.1':
    resolution: {integrity: sha512-mLZdMNvwomgnn9sffKO1/xr02ctgeiT0FUVw7JekbchTckub2RM7qMu8Rw1mC4bpCpW+i7DXDiOxpoajkppwYQ==}

  '@atproto-labs/identity-resolver@0.3.1':
    resolution: {integrity: sha512-jCgotRRqPykPwh4gh0FBLOqeofv1G8OH/DZ5s88HWm7biUZeksZwDrEvL5TnqEFUpXT3O9Hcyp/XEpfCAplRoQ==}

  '@atproto-labs/pipe@0.1.1':
    resolution: {integrity: sha512-hdNw2oUs2B6BN1lp+32pF7cp8EMKuIN5Qok2Vvv/aOpG/3tNSJ9YkvfI0k6Zd188LeDDYRUpYpxcoFIcGH/FNg==}

  '@atproto-labs/simple-store-memory@0.1.4':
    resolution: {integrity: sha512-3mKY4dP8I7yKPFj9VKpYyCRzGJOi5CEpOLPlRhoJyLmgs3J4RzDrjn323Oakjz2Aj2JzRU/AIvWRAZVhpYNJHw==}

  '@atproto-labs/simple-store@0.3.0':
    resolution: {integrity: sha512-nOb6ONKBRJHRlukW1sVawUkBqReLlLx6hT35VS3imaNPwiXDxLnTK7lxw3Lrl9k5yugSBDQAkZAq3MPTEFSUBQ==}

  '@atproto/common-web@0.4.3':
    resolution: {integrity: sha512-nRDINmSe4VycJzPo6fP/hEltBcULFxt9Kw7fQk6405FyAWZiTluYHlXOnU7GkQfeUK44OENG1qFTBcmCJ7e8pg==}

  '@atproto/did@0.2.0':
    resolution: {integrity: sha512-BskT39KYbwY1DUsWekkHh47xS+wvJpFq5F9acsicNfYniinyAMnNTzGKQEhnjQuG7K0qQItg/SnmC+y0tJXV7Q==}

  '@atproto/jwk-jose@0.1.10':
    resolution: {integrity: sha512-Eiu/u4tZHz3IIhHZt0zneYEffSAO3Oqk/ToKwlu1TqKte6sjtPs/4uquSiAAGFYozqgo92JC/AQclWzzkHI5QQ==}

  '@atproto/jwk-webcrypto@0.1.10':
    resolution: {integrity: sha512-JZsavs6JiSmw5rgcjkGDwzr1aCJGdybZOjVfYH+m9sXRU1BrUCA30uwNfZY7eFyWXyRAnCFiYiGVZgypXyKotw==}

  '@atproto/jwk@0.5.0':
    resolution: {integrity: sha512-Qi2NtEqhkG+uz3CKia4+H05WMV/z//dz3ESo5+cyBKrOnxVTJ5ZubMyltWjoYvy6v/jLhorXdDWcjn07yky7MQ==}

  '@atproto/lex-cli@0.9.5':
    resolution: {integrity: sha512-zun4jhD1dbjD7IHtLIjh/1UsMx+6E8+OyOT2GXYAKIj9N6wmLKM/v2OeQBKxcyqUmtRi57lxWnGikWjjU7pplQ==}
    engines: {node: '>=18.7.0'}
    hasBin: true

  '@atproto/lexicon@0.5.1':
    resolution: {integrity: sha512-y8AEtYmfgVl4fqFxqXAeGvhesiGkxiy3CWoJIfsFDDdTlZUC8DFnZrYhcqkIop3OlCkkljvpSJi1hbeC1tbi8A==}

  '@atproto/oauth-client-browser@0.3.32':
    resolution: {integrity: sha512-h6Rsa/LgMnugaVKkMtHbQ1DSlhhIhL4HbjW1egg7z0BQdWJzczJ8nX3guHN5r/YioL6vOigxbMim+p/Z1LeG9g==}

  '@atproto/oauth-client@0.5.6':
    resolution: {integrity: sha512-O1S9lPptJxWPcNd2kODaLgWntz+A7PzskU2hP4IFa7hVLs4aEnEt9dKq5wJE97tDli8mgyh/ndPQhxUaCVQ5iQ==}

  '@atproto/oauth-types@0.4.1':
    resolution: {integrity: sha512-c5ixf2ZOzcltOu1fDBnO/tok6Wj7JDDK66+Z0q/+bAr8LXgOnxP7zQfJ+DD4gTkB+saTqsqWtVv8qvx/IEtm1g==}

  '@atproto/syntax@0.4.1':
    resolution: {integrity: sha512-CJdImtLAiFO+0z3BWTtxwk6aY5w4t8orHTMVJgkf++QRJWTxPbIFko/0hrkADB7n2EruDxDSeAgfUGehpH6ngw==}

  '@atproto/xrpc@0.7.5':
    resolution: {integrity: sha512-MUYNn5d2hv8yVegRL0ccHvTHAVj5JSnW07bkbiaz96UH45lvYNRVwt44z+yYVnb0/mvBzyD3/ZQ55TRGt7fHkA==}

  '@esbuild/aix-ppc64@0.25.10':
    resolution: {integrity: sha512-0NFWnA+7l41irNuaSVlLfgNT12caWJVLzp5eAVhZ0z1qpxbockccEt3s+149rE64VUI3Ml2zt8Nv5JVc4QXTsw==}
    engines: {node: '>=18'}
    cpu: [ppc64]
    os: [aix]

  '@esbuild/android-arm64@0.25.10':
    resolution: {integrity: sha512-LSQa7eDahypv/VO6WKohZGPSJDq5OVOo3UoFR1E4t4Gj1W7zEQMUhI+lo81H+DtB+kP+tDgBp+M4oNCwp6kffg==}
    engines: {node: '>=18'}
    cpu: [arm64]
    os: [android]

  '@esbuild/android-arm@0.25.10':
    resolution: {integrity: sha512-dQAxF1dW1C3zpeCDc5KqIYuZ1tgAdRXNoZP7vkBIRtKZPYe2xVr/d3SkirklCHudW1B45tGiUlz2pUWDfbDD4w==}
    engines: {node: '>=18'}
    cpu: [arm]
    os: [android]

  '@esbuild/android-x64@0.25.10':
    resolution: {integrity: sha512-MiC9CWdPrfhibcXwr39p9ha1x0lZJ9KaVfvzA0Wxwz9ETX4v5CHfF09bx935nHlhi+MxhA63dKRRQLiVgSUtEg==}
    engines: {node: '>=18'}
    cpu: [x64]
    os: [android]

  '@esbuild/darwin-arm64@0.25.10':
    resolution: {integrity: sha512-JC74bdXcQEpW9KkV326WpZZjLguSZ3DfS8wrrvPMHgQOIEIG/sPXEN/V8IssoJhbefLRcRqw6RQH2NnpdprtMA==}
    engines: {node: '>=18'}
    cpu: [arm64]
    os: [darwin]

  '@esbuild/darwin-x64@0.25.10':
    resolution: {integrity: sha512-tguWg1olF6DGqzws97pKZ8G2L7Ig1vjDmGTwcTuYHbuU6TTjJe5FXbgs5C1BBzHbJ2bo1m3WkQDbWO2PvamRcg==}
    engines: {node: '>=18'}
    cpu: [x64]
    os: [darwin]

  '@esbuild/freebsd-arm64@0.25.10':
    resolution: {integrity: sha512-3ZioSQSg1HT2N05YxeJWYR+Libe3bREVSdWhEEgExWaDtyFbbXWb49QgPvFH8u03vUPX10JhJPcz7s9t9+boWg==}
    engines: {node: '>=18'}
    cpu: [arm64]
    os: [freebsd]

  '@esbuild/freebsd-x64@0.25.10':
    resolution: {integrity: sha512-LLgJfHJk014Aa4anGDbh8bmI5Lk+QidDmGzuC2D+vP7mv/GeSN+H39zOf7pN5N8p059FcOfs2bVlrRr4SK9WxA==}
    engines: {node: '>=18'}
    cpu: [x64]
    os: [freebsd]

  '@esbuild/linux-arm64@0.25.10':
    resolution: {integrity: sha512-5luJWN6YKBsawd5f9i4+c+geYiVEw20FVW5x0v1kEMWNq8UctFjDiMATBxLvmmHA4bf7F6hTRaJgtghFr9iziQ==}
    engines: {node: '>=18'}
    cpu: [arm64]
    os: [linux]

  '@esbuild/linux-arm@0.25.10':
    resolution: {integrity: sha512-oR31GtBTFYCqEBALI9r6WxoU/ZofZl962pouZRTEYECvNF/dtXKku8YXcJkhgK/beU+zedXfIzHijSRapJY3vg==}
    engines: {node: '>=18'}
    cpu: [arm]
    os: [linux]

  '@esbuild/linux-ia32@0.25.10':
    resolution: {integrity: sha512-NrSCx2Kim3EnnWgS4Txn0QGt0Xipoumb6z6sUtl5bOEZIVKhzfyp/Lyw4C1DIYvzeW/5mWYPBFJU3a/8Yr75DQ==}
    engines: {node: '>=18'}
    cpu: [ia32]
    os: [linux]

  '@esbuild/linux-loong64@0.25.10':
    resolution: {integrity: sha512-xoSphrd4AZda8+rUDDfD9J6FUMjrkTz8itpTITM4/xgerAZZcFW7Dv+sun7333IfKxGG8gAq+3NbfEMJfiY+Eg==}
    engines: {node: '>=18'}
    cpu: [loong64]
    os: [linux]

  '@esbuild/linux-mips64el@0.25.10':
    resolution: {integrity: sha512-ab6eiuCwoMmYDyTnyptoKkVS3k8fy/1Uvq7Dj5czXI6DF2GqD2ToInBI0SHOp5/X1BdZ26RKc5+qjQNGRBelRA==}
    engines: {node: '>=18'}
    cpu: [mips64el]
    os: [linux]

  '@esbuild/linux-ppc64@0.25.10':
    resolution: {integrity: sha512-NLinzzOgZQsGpsTkEbdJTCanwA5/wozN9dSgEl12haXJBzMTpssebuXR42bthOF3z7zXFWH1AmvWunUCkBE4EA==}
    engines: {node: '>=18'}
    cpu: [ppc64]
    os: [linux]

  '@esbuild/linux-riscv64@0.25.10':
    resolution: {integrity: sha512-FE557XdZDrtX8NMIeA8LBJX3dC2M8VGXwfrQWU7LB5SLOajfJIxmSdyL/gU1m64Zs9CBKvm4UAuBp5aJ8OgnrA==}
    engines: {node: '>=18'}
    cpu: [riscv64]
    os: [linux]

  '@esbuild/linux-s390x@0.25.10':
    resolution: {integrity: sha512-3BBSbgzuB9ajLoVZk0mGu+EHlBwkusRmeNYdqmznmMc9zGASFjSsxgkNsqmXugpPk00gJ0JNKh/97nxmjctdew==}
    engines: {node: '>=18'}
    cpu: [s390x]
    os: [linux]

  '@esbuild/linux-x64@0.25.10':
    resolution: {integrity: sha512-QSX81KhFoZGwenVyPoberggdW1nrQZSvfVDAIUXr3WqLRZGZqWk/P4T8p2SP+de2Sr5HPcvjhcJzEiulKgnxtA==}
    engines: {node: '>=18'}
    cpu: [x64]
    os: [linux]

  '@esbuild/netbsd-arm64@0.25.10':
    resolution: {integrity: sha512-AKQM3gfYfSW8XRk8DdMCzaLUFB15dTrZfnX8WXQoOUpUBQ+NaAFCP1kPS/ykbbGYz7rxn0WS48/81l9hFl3u4A==}
    engines: {node: '>=18'}
    cpu: [arm64]
    os: [netbsd]

  '@esbuild/netbsd-x64@0.25.10':
    resolution: {integrity: sha512-7RTytDPGU6fek/hWuN9qQpeGPBZFfB4zZgcz2VK2Z5VpdUxEI8JKYsg3JfO0n/Z1E/6l05n0unDCNc4HnhQGig==}
    engines: {node: '>=18'}
    cpu: [x64]
    os: [netbsd]

  '@esbuild/openbsd-arm64@0.25.10':
    resolution: {integrity: sha512-5Se0VM9Wtq797YFn+dLimf2Zx6McttsH2olUBsDml+lm0GOCRVebRWUvDtkY4BWYv/3NgzS8b/UM3jQNh5hYyw==}
    engines: {node: '>=18'}
    cpu: [arm64]
    os: [openbsd]

  '@esbuild/openbsd-x64@0.25.10':
    resolution: {integrity: sha512-XkA4frq1TLj4bEMB+2HnI0+4RnjbuGZfet2gs/LNs5Hc7D89ZQBHQ0gL2ND6Lzu1+QVkjp3x1gIcPKzRNP8bXw==}
    engines: {node: '>=18'}
    cpu: [x64]
    os: [openbsd]

  '@esbuild/openharmony-arm64@0.25.10':
    resolution: {integrity: sha512-AVTSBhTX8Y/Fz6OmIVBip9tJzZEUcY8WLh7I59+upa5/GPhh2/aM6bvOMQySspnCCHvFi79kMtdJS1w0DXAeag==}
    engines: {node: '>=18'}
    cpu: [arm64]
    os: [openharmony]

  '@esbuild/sunos-x64@0.25.10':
    resolution: {integrity: sha512-fswk3XT0Uf2pGJmOpDB7yknqhVkJQkAQOcW/ccVOtfx05LkbWOaRAtn5SaqXypeKQra1QaEa841PgrSL9ubSPQ==}
    engines: {node: '>=18'}
    cpu: [x64]
    os: [sunos]

  '@esbuild/win32-arm64@0.25.10':
    resolution: {integrity: sha512-ah+9b59KDTSfpaCg6VdJoOQvKjI33nTaQr4UluQwW7aEwZQsbMCfTmfEO4VyewOxx4RaDT/xCy9ra2GPWmO7Kw==}
    engines: {node: '>=18'}
    cpu: [arm64]
    os: [win32]

  '@esbuild/win32-ia32@0.25.10':
    resolution: {integrity: sha512-QHPDbKkrGO8/cz9LKVnJU22HOi4pxZnZhhA2HYHez5Pz4JeffhDjf85E57Oyco163GnzNCVkZK0b/n4Y0UHcSw==}
    engines: {node: '>=18'}
    cpu: [ia32]
    os: [win32]

  '@esbuild/win32-x64@0.25.10':
    resolution: {integrity: sha512-9KpxSVFCu0iK1owoez6aC/s/EdUQLDN3adTxGCqxMVhrPDj6bt5dbrHDXUuq+Bs2vATFBBrQS5vdQ/Ed2P+nbw==}
    engines: {node: '>=18'}
    cpu: [x64]
    os: [win32]

  '@rolldown/pluginutils@1.0.0-beta.35':
    resolution: {integrity: sha512-slYrCpoxJUqzFDDNlvrOYRazQUNRvWPjXA17dAOISY3rDMxX6k8K4cj2H+hEYMHF81HO3uNd5rHVigAWRM5dSg==}

  '@rollup/rollup-android-arm-eabi@4.52.0':
    resolution: {integrity: sha512-VxDYCDqOaR7NXzAtvRx7G1u54d2kEHopb28YH/pKzY6y0qmogP3gG7CSiWsq9WvDFxOQMpNEyjVAHZFXfH3o/A==}
    cpu: [arm]
    os: [android]

  '@rollup/rollup-android-arm64@4.52.0':
    resolution: {integrity: sha512-pqDirm8koABIKvzL59YI9W9DWbRlTX7RWhN+auR8HXJxo89m4mjqbah7nJZjeKNTNYopqL+yGg+0mhCpf3xZtQ==}
    cpu: [arm64]
    os: [android]

  '@rollup/rollup-darwin-arm64@4.52.0':
    resolution: {integrity: sha512-YCdWlY/8ltN6H78HnMsRHYlPiKvqKagBP1r+D7SSylxX+HnsgXGCmLiV3Y4nSyY9hW8qr8U9LDUx/Lo7M6MfmQ==}
    cpu: [arm64]
    os: [darwin]

  '@rollup/rollup-darwin-x64@4.52.0':
    resolution: {integrity: sha512-z4nw6y1j+OOSGzuVbSWdIp1IUks9qNw4dc7z7lWuWDKojY38VMWBlEN7F9jk5UXOkUcp97vA1N213DF+Lz8BRg==}
    cpu: [x64]
    os: [darwin]

  '@rollup/rollup-freebsd-arm64@4.52.0':
    resolution: {integrity: sha512-Q/dv9Yvyr5rKlK8WQJZVrp5g2SOYeZUs9u/t2f9cQ2E0gJjYB/BWoedXfUT0EcDJefi2zzVfhcOj8drWCzTviw==}
    cpu: [arm64]
    os: [freebsd]

  '@rollup/rollup-freebsd-x64@4.52.0':
    resolution: {integrity: sha512-kdBsLs4Uile/fbjZVvCRcKB4q64R+1mUq0Yd7oU1CMm1Av336ajIFqNFovByipciuUQjBCPMxwJhCgfG2re3rg==}
    cpu: [x64]
    os: [freebsd]

  '@rollup/rollup-linux-arm-gnueabihf@4.52.0':
    resolution: {integrity: sha512-aL6hRwu0k7MTUESgkg7QHY6CoqPgr6gdQXRJI1/VbFlUMwsSzPGSR7sG5d+MCbYnJmJwThc2ol3nixj1fvI/zQ==}
    cpu: [arm]
    os: [linux]

  '@rollup/rollup-linux-arm-musleabihf@4.52.0':
    resolution: {integrity: sha512-BTs0M5s1EJejgIBJhCeiFo7GZZ2IXWkFGcyZhxX4+8usnIo5Mti57108vjXFIQmmJaRyDwmV59Tw64Ap1dkwMw==}
    cpu: [arm]
    os: [linux]

  '@rollup/rollup-linux-arm64-gnu@4.52.0':
    resolution: {integrity: sha512-uj672IVOU9m08DBGvoPKPi/J8jlVgjh12C9GmjjBxCTQc3XtVmRkRKyeHSmIKQpvJ7fIm1EJieBUcnGSzDVFyw==}
    cpu: [arm64]
    os: [linux]

  '@rollup/rollup-linux-arm64-musl@4.52.0':
    resolution: {integrity: sha512-/+IVbeDMDCtB/HP/wiWsSzduD10SEGzIZX2945KSgZRNi4TSkjHqRJtNTVtVb8IRwhJ65ssI56krlLik+zFWkw==}
    cpu: [arm64]
    os: [linux]

  '@rollup/rollup-linux-loong64-gnu@4.52.0':
    resolution: {integrity: sha512-U1vVzvSWtSMWKKrGoROPBXMh3Vwn93TA9V35PldokHGqiUbF6erSzox/5qrSMKp6SzakvyjcPiVF8yB1xKr9Pg==}
    cpu: [loong64]
    os: [linux]

  '@rollup/rollup-linux-ppc64-gnu@4.52.0':
    resolution: {integrity: sha512-X/4WfuBAdQRH8cK3DYl8zC00XEE6aM472W+QCycpQJeLWVnHfkv7RyBFVaTqNUMsTgIX8ihMjCvFF9OUgeABzw==}
    cpu: [ppc64]
    os: [linux]

  '@rollup/rollup-linux-riscv64-gnu@4.52.0':
    resolution: {integrity: sha512-xIRYc58HfWDBZoLmWfWXg2Sq8VCa2iJ32B7mqfWnkx5mekekl0tMe7FHpY8I72RXEcUkaWawRvl3qA55og+cwQ==}
    cpu: [riscv64]
    os: [linux]

  '@rollup/rollup-linux-riscv64-musl@4.52.0':
    resolution: {integrity: sha512-mbsoUey05WJIOz8U1WzNdf+6UMYGwE3fZZnQqsM22FZ3wh1N887HT6jAOjXs6CNEK3Ntu2OBsyQDXfIjouI4dw==}
    cpu: [riscv64]
    os: [linux]

  '@rollup/rollup-linux-s390x-gnu@4.52.0':
    resolution: {integrity: sha512-qP6aP970bucEi5KKKR4AuPFd8aTx9EF6BvutvYxmZuWLJHmnq4LvBfp0U+yFDMGwJ+AIJEH5sIP+SNypauMWzg==}
    cpu: [s390x]
    os: [linux]

  '@rollup/rollup-linux-x64-gnu@4.52.0':
    resolution: {integrity: sha512-nmSVN+F2i1yKZ7rJNKO3G7ZzmxJgoQBQZ/6c4MuS553Grmr7WqR7LLDcYG53Z2m9409z3JLt4sCOhLdbKQ3HmA==}
    cpu: [x64]
    os: [linux]

  '@rollup/rollup-linux-x64-musl@4.52.0':
    resolution: {integrity: sha512-2d0qRo33G6TfQVjaMR71P+yJVGODrt5V6+T0BDYH4EMfGgdC/2HWDVjSSFw888GSzAZUwuska3+zxNUCDco6rQ==}
    cpu: [x64]
    os: [linux]

  '@rollup/rollup-openharmony-arm64@4.52.0':
    resolution: {integrity: sha512-A1JalX4MOaFAAyGgpO7XP5khquv/7xKzLIyLmhNrbiCxWpMlnsTYr8dnsWM7sEeotNmxvSOEL7F65j0HXFcFsw==}
    cpu: [arm64]
    os: [openharmony]

  '@rollup/rollup-win32-arm64-msvc@4.52.0':
    resolution: {integrity: sha512-YQugafP/rH0eOOHGjmNgDURrpYHrIX0yuojOI8bwCyXwxC9ZdTd3vYkmddPX0oHONLXu9Rb1dDmT0VNpjkzGGw==}
    cpu: [arm64]
    os: [win32]

  '@rollup/rollup-win32-ia32-msvc@4.52.0':
    resolution: {integrity: sha512-zYdUYhi3Qe2fndujBqL5FjAFzvNeLxtIqfzNEVKD1I7C37/chv1VxhscWSQHTNfjPCrBFQMnynwA3kpZpZ8w4A==}
    cpu: [ia32]
    os: [win32]

  '@rollup/rollup-win32-x64-gnu@4.52.0':
    resolution: {integrity: sha512-fGk03kQylNaCOQ96HDMeT7E2n91EqvCDd3RwvT5k+xNdFCeMGnj5b5hEgTGrQuyidqSsD3zJDQ21QIaxXqTBJw==}
    cpu: [x64]
    os: [win32]

  '@rollup/rollup-win32-x64-msvc@4.52.0':
    resolution: {integrity: sha512-6iKDCVSIUQ8jPMoIV0OytRKniaYyy5EbY/RRydmLW8ZR3cEBhxbWl5ro0rkUNe0ef6sScvhbY79HrjRm8i3vDQ==}
    cpu: [x64]
    os: [win32]

  '@swc/core-darwin-arm64@1.13.5':
    resolution: {integrity: sha512-lKNv7SujeXvKn16gvQqUQI5DdyY8v7xcoO3k06/FJbHJS90zEwZdQiMNRiqpYw/orU543tPaWgz7cIYWhbopiQ==}
    engines: {node: '>=10'}
    cpu: [arm64]
    os: [darwin]

  '@swc/core-darwin-x64@1.13.5':
    resolution: {integrity: sha512-ILd38Fg/w23vHb0yVjlWvQBoE37ZJTdlLHa8LRCFDdX4WKfnVBiblsCU9ar4QTMNdeTBEX9iUF4IrbNWhaF1Ng==}
    engines: {node: '>=10'}
    cpu: [x64]
    os: [darwin]

  '@swc/core-linux-arm-gnueabihf@1.13.5':
    resolution: {integrity: sha512-Q6eS3Pt8GLkXxqz9TAw+AUk9HpVJt8Uzm54MvPsqp2yuGmY0/sNaPPNVqctCX9fu/Nu8eaWUen0si6iEiCsazQ==}
    engines: {node: '>=10'}
    cpu: [arm]
    os: [linux]

  '@swc/core-linux-arm64-gnu@1.13.5':
    resolution: {integrity: sha512-aNDfeN+9af+y+M2MYfxCzCy/VDq7Z5YIbMqRI739o8Ganz6ST+27kjQFd8Y/57JN/hcnUEa9xqdS3XY7WaVtSw==}
    engines: {node: '>=10'}
    cpu: [arm64]
    os: [linux]

  '@swc/core-linux-arm64-musl@1.13.5':
    resolution: {integrity: sha512-9+ZxFN5GJag4CnYnq6apKTnnezpfJhCumyz0504/JbHLo+Ue+ZtJnf3RhyA9W9TINtLE0bC4hKpWi8ZKoETyOQ==}
    engines: {node: '>=10'}
    cpu: [arm64]
    os: [linux]

  '@swc/core-linux-x64-gnu@1.13.5':
    resolution: {integrity: sha512-WD530qvHrki8Ywt/PloKUjaRKgstQqNGvmZl54g06kA+hqtSE2FTG9gngXr3UJxYu/cNAjJYiBifm7+w4nbHbA==}
    engines: {node: '>=10'}
    cpu: [x64]
    os: [linux]

  '@swc/core-linux-x64-musl@1.13.5':
    resolution: {integrity: sha512-Luj8y4OFYx4DHNQTWjdIuKTq2f5k6uSXICqx+FSabnXptaOBAbJHNbHT/06JZh6NRUouaf0mYXN0mcsqvkhd7Q==}
    engines: {node: '>=10'}
    cpu: [x64]
    os: [linux]

  '@swc/core-win32-arm64-msvc@1.13.5':
    resolution: {integrity: sha512-cZ6UpumhF9SDJvv4DA2fo9WIzlNFuKSkZpZmPG1c+4PFSEMy5DFOjBSllCvnqihCabzXzpn6ykCwBmHpy31vQw==}
    engines: {node: '>=10'}
    cpu: [arm64]
    os: [win32]

  '@swc/core-win32-ia32-msvc@1.13.5':
    resolution: {integrity: sha512-C5Yi/xIikrFUzZcyGj9L3RpKljFvKiDMtyDzPKzlsDrKIw2EYY+bF88gB6oGY5RGmv4DAX8dbnpRAqgFD0FMEw==}
    engines: {node: '>=10'}
    cpu: [ia32]
    os: [win32]

  '@swc/core-win32-x64-msvc@1.13.5':
    resolution: {integrity: sha512-YrKdMVxbYmlfybCSbRtrilc6UA8GF5aPmGKBdPvjrarvsmf4i7ZHGCEnLtfOMd3Lwbs2WUZq3WdMbozYeLU93Q==}
    engines: {node: '>=10'}
    cpu: [x64]
    os: [win32]

  '@swc/core@1.13.5':
    resolution: {integrity: sha512-WezcBo8a0Dg2rnR82zhwoR6aRNxeTGfK5QCD6TQ+kg3xx/zNT02s/0o+81h/3zhvFSB24NtqEr8FTw88O5W/JQ==}
    engines: {node: '>=10'}
    peerDependencies:
      '@swc/helpers': '>=0.5.17'
    peerDependenciesMeta:
      '@swc/helpers':
        optional: true

  '@swc/counter@0.1.3':
    resolution: {integrity: sha512-e2BR4lsJkkRlKZ/qCHPw9ZaSxc0MVUd7gtbtaB7aMvHeJVYe8sOB8DBZkP2DtISHGSku9sCK6T6cnY0CtXrOCQ==}

  '@swc/types@0.1.25':
    resolution: {integrity: sha512-iAoY/qRhNH8a/hBvm3zKj9qQ4oc2+3w1unPJa2XvTK3XjeLXtzcCingVPw/9e5mn1+0yPqxcBGp9Jf0pkfMb1g==}

  '@ts-morph/common@0.25.0':
    resolution: {integrity: sha512-kMnZz+vGGHi4GoHnLmMhGNjm44kGtKUXGnOvrKmMwAuvNjM/PgKVGfUnL7IDvK7Jb2QQ82jq3Zmp04Gy+r3Dkg==}

  '@types/estree@1.0.8':
    resolution: {integrity: sha512-dWHzHa2WqEXI/O1E9OjrocMTKJl2mSrEolh1Iomrv6U+JuNwaHXsXx9bLu5gG7BUWFIN0skIQJQ/L1rIex4X6w==}

  '@types/react-dom@19.1.9':
    resolution: {integrity: sha512-qXRuZaOsAdXKFyOhRBg6Lqqc0yay13vN7KrIg4L7N4aaHN68ma9OK3NE1BoDFgFOTfM7zg+3/8+2n8rLUH3OKQ==}
    peerDependencies:
      '@types/react': ^19.0.0

  '@types/react@19.1.13':
    resolution: {integrity: sha512-hHkbU/eoO3EG5/MZkuFSKmYqPbSVk5byPFa3e7y/8TybHiLMACgI8seVYlicwk7H5K/rI2px9xrQp/C+AUDTiQ==}

  '@vitejs/plugin-react-swc@4.1.0':
    resolution: {integrity: sha512-Ff690TUck0Anlh7wdIcnsVMhofeEVgm44Y4OYdeeEEPSKyZHzDI9gfVBvySEhDfXtBp8tLCbfsVKPWEMEjq8/g==}
    engines: {node: ^20.19.0 || >=22.12.0}
    peerDependencies:
      vite: ^4 || ^5 || ^6 || ^7

  ansi-styles@4.3.0:
    resolution: {integrity: sha512-zbB9rCJAT1rbjiVDb2hqKFHNYLxgtk8NURxZ3IZwD3F6NtxbXZQCnnSi1Lkx+IDohdPlFp222wVALIheZJQSEg==}
    engines: {node: '>=8'}

  balanced-match@1.0.2:
    resolution: {integrity: sha512-3oSeUO0TMV67hN1AmbXsK4yaqU7tjiHlbxRDZOpH0KW9+CeX4bRAaX0Anxt0tx2MrpRpWwQaPwIlISEJhYU5Pw==}

  brace-expansion@2.0.2:
    resolution: {integrity: sha512-Jt0vHyM+jmUBqojB7E1NIYadt0vI0Qxjxd2TErW94wDz+E2LAm5vKMXXwg6ZZBTHPuUlDgQHKXvjGBdfcF1ZDQ==}

  chalk@4.1.2:
    resolution: {integrity: sha512-oKnbhFyRIXpUuez8iBMmyEa4nbj4IOQyuhc/wy9kY7/WVPcwIO9VA668Pu8RkO7+0G76SLROeyw9CpQ061i4mA==}
    engines: {node: '>=10'}

  code-block-writer@13.0.3:
    resolution: {integrity: sha512-Oofo0pq3IKnsFtuHqSF7TqBfr71aeyZDVJ0HpmqB7FBM2qEigL0iPONSCZSO9pE9dZTAxANe5XHG9Uy0YMv8cg==}

  color-convert@2.0.1:
    resolution: {integrity: sha512-RRECPsj7iu/xb5oKYcsFHSppFNnsj/52OVTRKb4zP5onXwVF3zVmmToNcOfGC+CRDpfK/U584fMg38ZHCaElKQ==}
    engines: {node: '>=7.0.0'}

  color-name@1.1.4:
    resolution: {integrity: sha512-dOy+3AuW3a2wNbZHIuMZpTcgjGuLU/uBL/ubcZF9OXbDo8ff4O8yVp5Bf0efS8uEoYo5q4Fx7dY9OgQGXgAsQA==}

  commander@9.5.0:
    resolution: {integrity: sha512-KRs7WVDKg86PWiuAqhDrAQnTXZKraVcCc6vFdL14qrZ/DcWwuRo7VoiYXalXO7S5GKpqYiVEwCbgFDfxNHKJBQ==}
    engines: {node: ^12.20.0 || >=14}

  csstype@3.1.3:
    resolution: {integrity: sha512-M1uQkMl8rQK/szD0LNhtqxIPLpimGm8sOBwU7lLnCpSbTyY3yeU1Vc7l4KT5zT4s/yOxHH5O7tIuuLOCnLADRw==}

  esbuild@0.25.10:
    resolution: {integrity: sha512-9RiGKvCwaqxO2owP61uQ4BgNborAQskMR6QusfWzQqv7AZOg5oGehdY2pRJMTKuwxd1IDBP4rSbI5lHzU7SMsQ==}
    engines: {node: '>=18'}
    hasBin: true

  fdir@6.5.0:
    resolution: {integrity: sha512-tIbYtZbucOs0BRGqPJkshJUYdL+SDH7dVM8gjy+ERp3WAUjLEFJE+02kanyHtwjWOnwrKYBiwAmM0p4kLJAnXg==}
    engines: {node: '>=12.0.0'}
    peerDependencies:
      picomatch: ^3 || ^4
    peerDependenciesMeta:
      picomatch:
        optional: true

  fsevents@2.3.3:
    resolution: {integrity: sha512-5xoDfX+fL7faATnagmWPpbFtwh/R77WmMMqqHGS65C3vvB0YHrgF+B1YmZ3441tMj5n63k0212XNoJwzlhffQw==}
    engines: {node: ^8.16.0 || ^10.6.0 || >=11.0.0}
    os: [darwin]

  graphemer@1.4.0:
    resolution: {integrity: sha512-EtKwoO6kxCL9WO5xipiHTZlSzBm7WLT627TqC/uVRd0HKmq8NXyebnNYxDoBi7wt8eTWrUrKXCOVaFq9x1kgag==}

  has-flag@4.0.0:
    resolution: {integrity: sha512-EykJT/Q1KjTWctppgIAgfSO0tKVuZUjhgMr17kqTumMl6Afv3EISleU7qZUzoXDFTAHTDC4NOoG/ZxU3EvlMPQ==}
    engines: {node: '>=8'}

  iso-datestring-validator@2.2.2:
    resolution: {integrity: sha512-yLEMkBbLZTlVQqOnQ4FiMujR6T4DEcCb1xizmvXS+OxuhwcbtynoosRzdMA69zZCShCNAbi+gJ71FxZBBXx1SA==}

  jose@5.10.0:
    resolution: {integrity: sha512-s+3Al/p9g32Iq+oqXxkW//7jk2Vig6FF1CFqzVXoTUXt2qz89YWbL+OwS17NFYEvxC35n0FKeGO2LGYSxeM2Gg==}

  lru-cache@10.4.3:
    resolution: {integrity: sha512-JNAzZcXrCt42VGLuYz0zfAzDfAvJWW6AfYlDBQyDV5DClI2m5sAmK+OIO7s59XfsRsWHp02jAJrRadPRGTt6SQ==}

  minimatch@9.0.5:
    resolution: {integrity: sha512-G6T0ZX48xgozx7587koeX9Ys2NYy6Gmv//P89sEte9V9whIapMNF4idKxnW2QtCcLiTWlb/wfCabAtAFWhhBow==}
    engines: {node: '>=16 || 14 >=14.17'}

  multiformats@13.4.1:
    resolution: {integrity: sha512-VqO6OSvLrFVAYYjgsr8tyv62/rCQhPgsZUXLTqoFLSgdkgiUYKYeArbt1uWLlEpkjxQe+P0+sHlbPEte1Bi06Q==}

  multiformats@9.9.0:
    resolution: {integrity: sha512-HoMUjhH9T8DDBNT+6xzkrd9ga/XiBI4xLr58LJACwK6G3HTOPeMz4nB4KJs33L2BelrIJa7P0VuNaVF3hMYfjg==}

  nanoid@3.3.11:
    resolution: {integrity: sha512-N8SpfPUnUp1bK+PMYW8qSWdl9U+wwNWI4QKxOYDy9JAro3WMX7p2OeVRF9v+347pnakNevPmiHhNmZ2HbFA76w==}
    engines: {node: ^10 || ^12 || ^13.7 || ^14 || >=15.0.1}
    hasBin: true

  path-browserify@1.0.1:
    resolution: {integrity: sha512-b7uo2UCUOYZcnF/3ID0lulOJi/bafxa1xPe7ZPsammBSpjSWQkjNxlt635YGS2MiR9GjvuXCtz2emr3jbsz98g==}

  picocolors@1.1.1:
    resolution: {integrity: sha512-xceH2snhtb5M9liqDsmEw56le376mTZkEX/jEb/RxNFyegNul7eNslCXP9FDj/Lcu0X8KEyMceP2ntpaHrDEVA==}

  picomatch@4.0.3:
    resolution: {integrity: sha512-5gTmgEY/sqK6gFXLIsQNH19lWb4ebPDLA4SdLP7dsWkIXHWlG66oPuVvXSGFPppYZz8ZDZq0dYYrbHfBCVUb1Q==}
    engines: {node: '>=12'}

  postcss@8.5.6:
    resolution: {integrity: sha512-3Ybi1tAuwAP9s0r1UQ2J4n5Y0G05bJkpUIO0/bI9MhwmD70S5aTWbXGBwxHrelT+XM1k6dM0pk+SwNkpTRN7Pg==}
    engines: {node: ^10 || ^12 || >=14}

  prettier@3.6.2:
    resolution: {integrity: sha512-I7AIg5boAr5R0FFtJ6rCfD+LFsWHp81dolrFD8S79U9tb8Az2nGrJncnMSnys+bpQJfRUzqs9hnA81OAA3hCuQ==}
    engines: {node: '>=14'}
    hasBin: true

  react-dom@19.1.1:
    resolution: {integrity: sha512-Dlq/5LAZgF0Gaz6yiqZCf6VCcZs1ghAJyrsu84Q/GT0gV+mCxbfmKNoGRKBYMJ8IEdGPqu49YWXD02GCknEDkw==}
    peerDependencies:
      react: ^19.1.1

  react@19.1.1:
    resolution: {integrity: sha512-w8nqGImo45dmMIfljjMwOGtbmC/mk4CMYhWIicdSflH91J9TyCyczcPFXJzrZ/ZXcgGRFeP6BU0BEJTw6tZdfQ==}
    engines: {node: '>=0.10.0'}

  rollup@4.52.0:
    resolution: {integrity: sha512-+IuescNkTJQgX7AkIDtITipZdIGcWF0pnVvZTWStiazUmcGA2ag8dfg0urest2XlXUi9kuhfQ+qmdc5Stc3z7g==}
    engines: {node: '>=18.0.0', npm: '>=8.0.0'}
    hasBin: true

  scheduler@0.26.0:
    resolution: {integrity: sha512-NlHwttCI/l5gCPR3D1nNXtWABUmBwvZpEQiD4IXSbIDq8BzLIK/7Ir5gTFSGZDUu37K5cMNp0hFtzO38sC7gWA==}

  source-map-js@1.2.1:
    resolution: {integrity: sha512-UXWMKhLOwVKb728IUtQPXxfYU+usdybtUrK/8uGE8CQMvrhOpwvzDBwj0QhSL7MQc7vIsISBG8VQ8+IDQxpfQA==}
    engines: {node: '>=0.10.0'}

  supports-color@7.2.0:
    resolution: {integrity: sha512-qpCAvRl9stuOHveKsn7HncJRvv501qIacKzQlO/+Lwxc9+0q2wLyv4Dfvt80/DPn2pqOBsJdDiogXGR9+OvwRw==}
    engines: {node: '>=8'}

  tinyglobby@0.2.15:
    resolution: {integrity: sha512-j2Zq4NyQYG5XMST4cbs02Ak8iJUdxRM0XI5QyxXuZOzKOINmWurp3smXu3y5wDcJrptwpSjgXHzIQxR0omXljQ==}
    engines: {node: '>=12.0.0'}

  ts-morph@24.0.0:
    resolution: {integrity: sha512-2OAOg/Ob5yx9Et7ZX4CvTCc0UFoZHwLEJ+dpDPSUi5TgwwlTlX47w+iFRrEwzUZwYACjq83cgjS/Da50Ga37uw==}

  typescript@5.8.3:
    resolution: {integrity: sha512-p1diW6TqL9L07nNxvRMM7hMMw4c5XOo/1ibL4aAIGmSAt9slTE1Xgw5KWuof2uTOvCg9BY7ZRi+GaF+7sfgPeQ==}
    engines: {node: '>=14.17'}
    hasBin: true

  uint8arrays@3.0.0:
    resolution: {integrity: sha512-HRCx0q6O9Bfbp+HHSfQQKD7wU70+lydKVt4EghkdOvlK/NlrF90z+eXV34mUd48rNvVJXwkrMSPpCATkct8fJA==}

  vite@7.1.6:
    resolution: {integrity: sha512-SRYIB8t/isTwNn8vMB3MR6E+EQZM/WG1aKmmIUCfDXfVvKfc20ZpamngWHKzAmmu9ppsgxsg4b2I7c90JZudIQ==}
    engines: {node: ^20.19.0 || >=22.12.0}
    hasBin: true
    peerDependencies:
      '@types/node': ^20.19.0 || >=22.12.0
      jiti: '>=1.21.0'
      less: ^4.0.0
      lightningcss: ^1.21.0
      sass: ^1.70.0
      sass-embedded: ^1.70.0
      stylus: '>=0.54.8'
      sugarss: ^5.0.0
      terser: ^5.16.0
      tsx: ^4.8.1
      yaml: ^2.4.2
    peerDependenciesMeta:
      '@types/node':
        optional: true
      jiti:
        optional: true
      less:
        optional: true
      lightningcss:
        optional: true
      sass:
        optional: true
      sass-embedded:
        optional: true
      stylus:
        optional: true
      sugarss:
        optional: true
      terser:
        optional: true
      tsx:
        optional: true
      yaml:
        optional: true

  yesno@0.4.0:
    resolution: {integrity: sha512-tdBxmHvbXPBKYIg81bMCB7bVeDmHkRzk5rVJyYYXurwKkHq/MCd8rz4HSJUP7hW0H2NlXiq8IFiWvYKEHhlotA==}

  zod@3.25.76:
    resolution: {integrity: sha512-gzUt/qt81nXsFGKIFcC3YnfEAx5NkunCfnDlvuBSSFS02bcXu4Lmea0AFIUwbLWxWPx3d9p8S5QoaujKcNQxcQ==}

snapshots:

  '@atproto-labs/did-resolver@0.2.1':
    dependencies:
      '@atproto-labs/fetch': 0.2.3
      '@atproto-labs/pipe': 0.1.1
      '@atproto-labs/simple-store': 0.3.0
      '@atproto-labs/simple-store-memory': 0.1.4
      '@atproto/did': 0.2.0
      zod: 3.25.76

  '@atproto-labs/fetch@0.2.3':
    dependencies:
      '@atproto-labs/pipe': 0.1.1

  '@atproto-labs/handle-resolver@0.3.1':
    dependencies:
      '@atproto-labs/simple-store': 0.3.0
      '@atproto-labs/simple-store-memory': 0.1.4
      '@atproto/did': 0.2.0
      zod: 3.25.76

  '@atproto-labs/identity-resolver@0.3.1':
    dependencies:
      '@atproto-labs/did-resolver': 0.2.1
      '@atproto-labs/handle-resolver': 0.3.1

  '@atproto-labs/pipe@0.1.1': {}

  '@atproto-labs/simple-store-memory@0.1.4':
    dependencies:
      '@atproto-labs/simple-store': 0.3.0
      lru-cache: 10.4.3

  '@atproto-labs/simple-store@0.3.0': {}

  '@atproto/common-web@0.4.3':
    dependencies:
      graphemer: 1.4.0
      multiformats: 9.9.0
      uint8arrays: 3.0.0
      zod: 3.25.76

  '@atproto/did@0.2.0':
    dependencies:
      zod: 3.25.76

  '@atproto/jwk-jose@0.1.10':
    dependencies:
      '@atproto/jwk': 0.5.0
      jose: 5.10.0

  '@atproto/jwk-webcrypto@0.1.10':
    dependencies:
      '@atproto/jwk': 0.5.0
      '@atproto/jwk-jose': 0.1.10
      zod: 3.25.76

  '@atproto/jwk@0.5.0':
    dependencies:
      multiformats: 9.9.0
      zod: 3.25.76

  '@atproto/lex-cli@0.9.5':
    dependencies:
      '@atproto/lexicon': 0.5.1
      '@atproto/syntax': 0.4.1
      chalk: 4.1.2
      commander: 9.5.0
      prettier: 3.6.2
      ts-morph: 24.0.0
      yesno: 0.4.0
      zod: 3.25.76

  '@atproto/lexicon@0.5.1':
    dependencies:
      '@atproto/common-web': 0.4.3
      '@atproto/syntax': 0.4.1
      iso-datestring-validator: 2.2.2
      multiformats: 9.9.0
      zod: 3.25.76

  '@atproto/oauth-client-browser@0.3.32':
    dependencies:
      '@atproto-labs/did-resolver': 0.2.1
      '@atproto-labs/handle-resolver': 0.3.1
      '@atproto-labs/simple-store': 0.3.0
      '@atproto/did': 0.2.0
      '@atproto/jwk': 0.5.0
      '@atproto/jwk-webcrypto': 0.1.10
      '@atproto/oauth-client': 0.5.6
      '@atproto/oauth-types': 0.4.1

  '@atproto/oauth-client@0.5.6':
    dependencies:
      '@atproto-labs/did-resolver': 0.2.1
      '@atproto-labs/fetch': 0.2.3
      '@atproto-labs/handle-resolver': 0.3.1
      '@atproto-labs/identity-resolver': 0.3.1
      '@atproto-labs/simple-store': 0.3.0
      '@atproto-labs/simple-store-memory': 0.1.4
      '@atproto/did': 0.2.0
      '@atproto/jwk': 0.5.0
      '@atproto/oauth-types': 0.4.1
      '@atproto/xrpc': 0.7.5
      multiformats: 9.9.0
      zod: 3.25.76

  '@atproto/oauth-types@0.4.1':
    dependencies:
      '@atproto/jwk': 0.5.0
      zod: 3.25.76

  '@atproto/syntax@0.4.1': {}

  '@atproto/xrpc@0.7.5':
    dependencies:
      '@atproto/lexicon': 0.5.1
      zod: 3.25.76

  '@esbuild/aix-ppc64@0.25.10':
    optional: true

  '@esbuild/android-arm64@0.25.10':
    optional: true

  '@esbuild/android-arm@0.25.10':
    optional: true

  '@esbuild/android-x64@0.25.10':
    optional: true

  '@esbuild/darwin-arm64@0.25.10':
    optional: true

  '@esbuild/darwin-x64@0.25.10':
    optional: true

  '@esbuild/freebsd-arm64@0.25.10':
    optional: true

  '@esbuild/freebsd-x64@0.25.10':
    optional: true

  '@esbuild/linux-arm64@0.25.10':
    optional: true

  '@esbuild/linux-arm@0.25.10':
    optional: true

  '@esbuild/linux-ia32@0.25.10':
    optional: true

  '@esbuild/linux-loong64@0.25.10':
    optional: true

  '@esbuild/linux-mips64el@0.25.10':
    optional: true

  '@esbuild/linux-ppc64@0.25.10':
    optional: true

  '@esbuild/linux-riscv64@0.25.10':
    optional: true

  '@esbuild/linux-s390x@0.25.10':
    optional: true

  '@esbuild/linux-x64@0.25.10':
    optional: true

  '@esbuild/netbsd-arm64@0.25.10':
    optional: true

  '@esbuild/netbsd-x64@0.25.10':
    optional: true

  '@esbuild/openbsd-arm64@0.25.10':
    optional: true

  '@esbuild/openbsd-x64@0.25.10':
    optional: true

  '@esbuild/openharmony-arm64@0.25.10':
    optional: true

  '@esbuild/sunos-x64@0.25.10':
    optional: true

  '@esbuild/win32-arm64@0.25.10':
    optional: true

  '@esbuild/win32-ia32@0.25.10':
    optional: true

  '@esbuild/win32-x64@0.25.10':
    optional: true

  '@rolldown/pluginutils@1.0.0-beta.35': {}

  '@rollup/rollup-android-arm-eabi@4.52.0':
    optional: true

  '@rollup/rollup-android-arm64@4.52.0':
    optional: true

  '@rollup/rollup-darwin-arm64@4.52.0':
    optional: true

  '@rollup/rollup-darwin-x64@4.52.0':
    optional: true

  '@rollup/rollup-freebsd-arm64@4.52.0':
    optional: true

  '@rollup/rollup-freebsd-x64@4.52.0':
    optional: true

  '@rollup/rollup-linux-arm-gnueabihf@4.52.0':
    optional: true

  '@rollup/rollup-linux-arm-musleabihf@4.52.0':
    optional: true

  '@rollup/rollup-linux-arm64-gnu@4.52.0':
    optional: true

  '@rollup/rollup-linux-arm64-musl@4.52.0':
    optional: true

  '@rollup/rollup-linux-loong64-gnu@4.52.0':
    optional: true

  '@rollup/rollup-linux-ppc64-gnu@4.52.0':
    optional: true

  '@rollup/rollup-linux-riscv64-gnu@4.52.0':
    optional: true

  '@rollup/rollup-linux-riscv64-musl@4.52.0':
    optional: true

  '@rollup/rollup-linux-s390x-gnu@4.52.0':
    optional: true

  '@rollup/rollup-linux-x64-gnu@4.52.0':
    optional: true

  '@rollup/rollup-linux-x64-musl@4.52.0':
    optional: true

  '@rollup/rollup-openharmony-arm64@4.52.0':
    optional: true

  '@rollup/rollup-win32-arm64-msvc@4.52.0':
    optional: true

  '@rollup/rollup-win32-ia32-msvc@4.52.0':
    optional: true

  '@rollup/rollup-win32-x64-gnu@4.52.0':
    optional: true

  '@rollup/rollup-win32-x64-msvc@4.52.0':
    optional: true

  '@swc/core-darwin-arm64@1.13.5':
    optional: true

  '@swc/core-darwin-x64@1.13.5':
    optional: true

  '@swc/core-linux-arm-gnueabihf@1.13.5':
    optional: true

  '@swc/core-linux-arm64-gnu@1.13.5':
    optional: true

  '@swc/core-linux-arm64-musl@1.13.5':
    optional: true

  '@swc/core-linux-x64-gnu@1.13.5':
    optional: true

  '@swc/core-linux-x64-musl@1.13.5':
    optional: true

  '@swc/core-win32-arm64-msvc@1.13.5':
    optional: true

  '@swc/core-win32-ia32-msvc@1.13.5':
    optional: true

  '@swc/core-win32-x64-msvc@1.13.5':
    optional: true

  '@swc/core@1.13.5':
    dependencies:
      '@swc/counter': 0.1.3
      '@swc/types': 0.1.25
    optionalDependencies:
      '@swc/core-darwin-arm64': 1.13.5
      '@swc/core-darwin-x64': 1.13.5
      '@swc/core-linux-arm-gnueabihf': 1.13.5
      '@swc/core-linux-arm64-gnu': 1.13.5
      '@swc/core-linux-arm64-musl': 1.13.5
      '@swc/core-linux-x64-gnu': 1.13.5
      '@swc/core-linux-x64-musl': 1.13.5
      '@swc/core-win32-arm64-msvc': 1.13.5
      '@swc/core-win32-ia32-msvc': 1.13.5
      '@swc/core-win32-x64-msvc': 1.13.5

  '@swc/counter@0.1.3': {}

  '@swc/types@0.1.25':
    dependencies:
      '@swc/counter': 0.1.3

  '@ts-morph/common@0.25.0':
    dependencies:
      minimatch: 9.0.5
      path-browserify: 1.0.1
      tinyglobby: 0.2.15

  '@types/estree@1.0.8': {}

  '@types/react-dom@19.1.9(@types/react@19.1.13)':
    dependencies:
      '@types/react': 19.1.13

  '@types/react@19.1.13':
    dependencies:
      csstype: 3.1.3

  '@vitejs/plugin-react-swc@4.1.0(vite@7.1.6)':
    dependencies:
      '@rolldown/pluginutils': 1.0.0-beta.35
      '@swc/core': 1.13.5
      vite: 7.1.6
    transitivePeerDependencies:
      - '@swc/helpers'

  ansi-styles@4.3.0:
    dependencies:
      color-convert: 2.0.1

  balanced-match@1.0.2: {}

  brace-expansion@2.0.2:
    dependencies:
      balanced-match: 1.0.2

  chalk@4.1.2:
    dependencies:
      ansi-styles: 4.3.0
      supports-color: 7.2.0

  code-block-writer@13.0.3: {}

  color-convert@2.0.1:
    dependencies:
      color-name: 1.1.4

  color-name@1.1.4: {}

  commander@9.5.0: {}

  csstype@3.1.3: {}

  esbuild@0.25.10:
    optionalDependencies:
      '@esbuild/aix-ppc64': 0.25.10
      '@esbuild/android-arm': 0.25.10
      '@esbuild/android-arm64': 0.25.10
      '@esbuild/android-x64': 0.25.10
      '@esbuild/darwin-arm64': 0.25.10
      '@esbuild/darwin-x64': 0.25.10
      '@esbuild/freebsd-arm64': 0.25.10
      '@esbuild/freebsd-x64': 0.25.10
      '@esbuild/linux-arm': 0.25.10
      '@esbuild/linux-arm64': 0.25.10
      '@esbuild/linux-ia32': 0.25.10
      '@esbuild/linux-loong64': 0.25.10
      '@esbuild/linux-mips64el': 0.25.10
      '@esbuild/linux-ppc64': 0.25.10
      '@esbuild/linux-riscv64': 0.25.10
      '@esbuild/linux-s390x': 0.25.10
      '@esbuild/linux-x64': 0.25.10
      '@esbuild/netbsd-arm64': 0.25.10
      '@esbuild/netbsd-x64': 0.25.10
      '@esbuild/openbsd-arm64': 0.25.10
      '@esbuild/openbsd-x64': 0.25.10
      '@esbuild/openharmony-arm64': 0.25.10
      '@esbuild/sunos-x64': 0.25.10
      '@esbuild/win32-arm64': 0.25.10
      '@esbuild/win32-ia32': 0.25.10
      '@esbuild/win32-x64': 0.25.10

  fdir@6.5.0(picomatch@4.0.3):
    optionalDependencies:
      picomatch: 4.0.3

  fsevents@2.3.3:
    optional: true

  graphemer@1.4.0: {}

  has-flag@4.0.0: {}

  iso-datestring-validator@2.2.2: {}

  jose@5.10.0: {}

  lru-cache@10.4.3: {}

  minimatch@9.0.5:
    dependencies:
      brace-expansion: 2.0.2

  multiformats@13.4.1: {}

  multiformats@9.9.0: {}

  nanoid@3.3.11: {}

  path-browserify@1.0.1: {}

  picocolors@1.1.1: {}

  picomatch@4.0.3: {}

  postcss@8.5.6:
    dependencies:
      nanoid: 3.3.11
      picocolors: 1.1.1
      source-map-js: 1.2.1

  prettier@3.6.2: {}

  react-dom@19.1.1(react@19.1.1):
    dependencies:
      react: 19.1.1
      scheduler: 0.26.0

  react@19.1.1: {}

  rollup@4.52.0:
    dependencies:
      '@types/estree': 1.0.8
    optionalDependencies:
      '@rollup/rollup-android-arm-eabi': 4.52.0
      '@rollup/rollup-android-arm64': 4.52.0
      '@rollup/rollup-darwin-arm64': 4.52.0
      '@rollup/rollup-darwin-x64': 4.52.0
      '@rollup/rollup-freebsd-arm64': 4.52.0
      '@rollup/rollup-freebsd-x64': 4.52.0
      '@rollup/rollup-linux-arm-gnueabihf': 4.52.0
      '@rollup/rollup-linux-arm-musleabihf': 4.52.0
      '@rollup/rollup-linux-arm64-gnu': 4.52.0
      '@rollup/rollup-linux-arm64-musl': 4.52.0
      '@rollup/rollup-linux-loong64-gnu': 4.52.0
      '@rollup/rollup-linux-ppc64-gnu': 4.52.0
      '@rollup/rollup-linux-riscv64-gnu': 4.52.0
      '@rollup/rollup-linux-riscv64-musl': 4.52.0
      '@rollup/rollup-linux-s390x-gnu': 4.52.0
      '@rollup/rollup-linux-x64-gnu': 4.52.0
      '@rollup/rollup-linux-x64-musl': 4.52.0
      '@rollup/rollup-openharmony-arm64': 4.52.0
      '@rollup/rollup-win32-arm64-msvc': 4.52.0
      '@rollup/rollup-win32-ia32-msvc': 4.52.0
      '@rollup/rollup-win32-x64-gnu': 4.52.0
      '@rollup/rollup-win32-x64-msvc': 4.52.0
      fsevents: 2.3.3

  scheduler@0.26.0: {}

  source-map-js@1.2.1: {}

  supports-color@7.2.0:
    dependencies:
      has-flag: 4.0.0

  tinyglobby@0.2.15:
    dependencies:
      fdir: 6.5.0(picomatch@4.0.3)
      picomatch: 4.0.3

  ts-morph@24.0.0:
    dependencies:
      '@ts-morph/common': 0.25.0
      code-block-writer: 13.0.3

  typescript@5.8.3: {}

  uint8arrays@3.0.0:
    dependencies:
      multiformats: 9.9.0

  vite@7.1.6:
    dependencies:
      esbuild: 0.25.10
      fdir: 6.5.0(picomatch@4.0.3)
      picomatch: 4.0.3
      postcss: 8.5.6
      rollup: 4.52.0
      tinyglobby: 0.2.15
    optionalDependencies:
      fsevents: 2.3.3

  yesno@0.4.0: {}

  zod@3.25.76: {}
